
Microsoft Visual Studio Solution File, Format Version 12.00
# Visual Studio Version 17
VisualStudioVersion = 17.1.32210.238
MinimumVisualStudioVersion = 10.0.40219.1
Project("{FAE04EC0-301F-11D3-BF4B-00C04F79EFBC}") = "BootzorDoc", "BootzorDoc\BootzorDoc.csproj", "{071D91A7-5ED6-4CBB-B14E-95B10E3AF025}"
EndProject
Global
	GlobalSection(SolutionConfigurationPlatforms) = preSolution
		Debug|Any CPU = Debug|Any CPU
		Release|Any CPU = Release|Any CPU
	EndGlobalSection
	GlobalSection(ProjectConfigurationPlatforms) = postSolution
		{071D91A7-5ED6-4CBB-B14E-95B10E3AF025}.Debug|Any CPU.ActiveCfg = Debug|Any CPU
		{071D91A7-5ED6-4CBB-B14E-95B10E3AF025}.Debug|Any CPU.Build.0 = Debug|Any CPU
		{071D91A7-5ED6-4CBB-B14E-95B10E3AF025}.Release|Any CPU.ActiveCfg = Release|Any CPU
		{071D91A7-5ED6-4CBB-B14E-95B10E3AF025}.Release|Any CPU.Build.0 = Release|Any CPU
	EndGlobalSection
	GlobalSection(SolutionProperties) = preSolution
		HideSolutionNode = FALSE
	EndGlobalSection
	GlobalSection(ExtensibilityGlobals) = postSolution
		SolutionGuid = {98C049AD-9BCD-4D13-AAE2-4D8E19E2FF15}
	EndGlobalSection
EndGlobal
